
Microsoft Visual Studio Solution File, Format Version 12.00
# Visual Studio Version 17
VisualStudioVersion = 17.1.32421.90
MinimumVisualStudioVersion = 10.0.40219.1
Project("{FAE04EC0-301F-11D3-BF4B-00C04F79EFBC}") = "ModernShopConsoleApp", "ModernShopConsoleApp\ModernShopConsoleApp.csproj", "{64F1A9FB-2161-45DD-90FA-929440AC1E2A}"
EndProject
Global
	GlobalSection(SolutionConfigurationPlatforms) = preSolution
		Debug|Any CPU = Debug|Any CPU
		Release|Any CPU = Release|Any CPU
	EndGlobalSection
	GlobalSection(ProjectConfigurationPlatforms) = postSolution
		{64F1A9FB-2161-45DD-90FA-929440AC1E2A}.Debug|Any CPU.ActiveCfg = Debug|Any CPU
		{64F1A9FB-2161-45DD-90FA-929440AC1E2A}.Debug|Any CPU.Build.0 = Debug|Any CPU
		{64F1A9FB-2161-45DD-90FA-929440AC1E2A}.Release|Any CPU.ActiveCfg = Release|Any CPU
		{64F1A9FB-2161-45DD-90FA-929440AC1E2A}.Release|Any CPU.Build.0 = Release|Any CPU
	EndGlobalSection
	GlobalSection(SolutionProperties) = preSolution
		HideSolutionNode = FALSE
	EndGlobalSection
	GlobalSection(ExtensibilityGlobals) = postSolution
		SolutionGuid = {922B1381-4185-476F-9CF0-B4F055D8E4F3}
	EndGlobalSection
EndGlobal
